# This file is generated by running "yarn install" inside your project.
# Manual changes might be lost - proceed with caution!

__metadata:
  version: 4
  cacheKey: 7

"is-what@npm:^3.11.3":
  version: 3.12.0
  resolution: "is-what@npm:3.12.0"
  checksum: d343342b1c2a013fe5afe05bf6e08c75c113d9d33dd61a3dd180551c6eed45811c3d9184be695e67ca36da0bc2921c396d4c7409bfce22418dfbc66a9e906771
  languageName: node
  linkType: hard

"merge-anything-compilation-issues@workspace:.":
  version: 0.0.0-use.local
  resolution: "merge-anything-compilation-issues@workspace:."
  dependencies:
    merge-anything: ^4.0.0
    type-fest: ^0.18.0
    typescript: ^4.0.5
  languageName: unknown
  linkType: soft

"merge-anything@npm:^4.0.0":
  version: 4.0.0
  resolution: "merge-anything@npm:4.0.0"
  dependencies:
    is-what: ^3.11.3
    ts-toolbelt: ^8.0.7
  checksum: 79753f3b54e801791d8f3c6a66cb6681170ab9fe912e3e2fc89e9230108c4b67a2333af663103f687034f0d43cfd7d7088d16758568709e792c0e4ab004004f4
  languageName: node
  linkType: hard

"ts-toolbelt@npm:^8.0.7":
  version: 8.4.0
  resolution: "ts-toolbelt@npm:8.4.0"
  checksum: dbc3ad2626b3ec3d0d23f800b6097deeb1895b6f07a1bc6b8c8933054255c93182d208f1b4b5a9a0a7dbb97516c5b828f4e0f1849b4b42145ba26864f49b57f9
  languageName: node
  linkType: hard

"type-fest@npm:^0.18.0":
  version: 0.18.0
  resolution: "type-fest@npm:0.18.0"
  checksum: 22f7fb528bf187ef3964e718a4cad2c669bf47989486ae8f66a140954f555760f7220fe5028f30df816d62a741c4748499ebc3ffcf37c8bbfb9f5a47d2c9a0d0
  languageName: node
  linkType: hard

typescript@^4.0.5:
  version: 4.0.5
  resolution: "typescript@npm:4.0.5"
  bin:
    tsc: bin/tsc
    tsserver: bin/tsserver
  checksum: ce94d4bbb914cc9d6fbd42e1476ab18c3292b262b8ba7ba76cd167a858545207a604e75bf1efbb75b8654c8f85deaa19795c3ef00098d7612855139b4ecc0240
  languageName: node
  linkType: hard

"typescript@patch:typescript@^4.0.5#builtin<compat/typescript>":
  version: 4.0.5
  resolution: "typescript@patch:typescript@npm%3A4.0.5#builtin<compat/typescript>::version=4.0.5&hash=5bf698"
  bin:
    tsc: bin/tsc
    tsserver: bin/tsserver
  checksum: d4be0bd2a2050b2d7b132cb2a40329178f181543e9d2ac6d1f06babd9f047208558a736a7effdeb28759ae2e815f070b61d10ee2f02cc93a6221a1490f21ffce
  languageName: node
  linkType: hard
